
Microsoft Visual Studio Solution File, Format Version 12.00
# Visual Studio Version 17
VisualStudioVersion = 17.11.35327.3
MinimumVisualStudioVersion = 10.0.40219.1
Project("{FAE04EC0-301F-11D3-BF4B-00C04F79EFBC}") = "MAUIFoodApplication", "MAUIFoodApplication\MAUIFoodApplication.csproj", "{67690CFF-3A3D-453E-B709-1EBE1F77D906}"
EndProject
Global
	GlobalSection(SolutionConfigurationPlatforms) = preSolution
		Debug|Any CPU = Debug|Any CPU
		Release|Any CPU = Release|Any CPU
	EndGlobalSection
	GlobalSection(ProjectConfigurationPlatforms) = postSolution
		{67690CFF-3A3D-453E-B709-1EBE1F77D906}.Debug|Any CPU.ActiveCfg = Debug|Any CPU
		{67690CFF-3A3D-453E-B709-1EBE1F77D906}.Debug|Any CPU.Build.0 = Debug|Any CPU
		{67690CFF-3A3D-453E-B709-1EBE1F77D906}.Debug|Any CPU.Deploy.0 = Debug|Any CPU
		{67690CFF-3A3D-453E-B709-1EBE1F77D906}.Release|Any CPU.ActiveCfg = Release|Any CPU
		{67690CFF-3A3D-453E-B709-1EBE1F77D906}.Release|Any CPU.Build.0 = Release|Any CPU
		{67690CFF-3A3D-453E-B709-1EBE1F77D906}.Release|Any CPU.Deploy.0 = Release|Any CPU
	EndGlobalSection
	GlobalSection(SolutionProperties) = preSolution
		HideSolutionNode = FALSE
	EndGlobalSection
	GlobalSection(ExtensibilityGlobals) = postSolution
		SolutionGuid = {1902D7C8-94B2-4EE3-8F80-01E98AD40E10}
	EndGlobalSection
EndGlobal
